
Microsoft Visual Studio Solution File, Format Version 12.00
# Visual Studio 15
VisualStudioVersion = 15.0.28307.271
MinimumVisualStudioVersion = 10.0.40219.1
Project("{FAE04EC0-301F-11D3-BF4B-00C04F79EFBC}") = "WebApplication", "WebApplication\WebApplication.csproj", "{2FDFD4BD-616B-4E20-900C-35BD631B3968}"
EndProject
Project("{FAE04EC0-301F-11D3-BF4B-00C04F79EFBC}") = "WebApplication.Tests", "WebApplication.Tests\WebApplication.Tests.csproj", "{C922B5B7-03F2-4CDE-8DF4-4284A3EABEAD}"
EndProject
Global
	GlobalSection(SolutionConfigurationPlatforms) = preSolution
		Debug|Any CPU = Debug|Any CPU
		Release|Any CPU = Release|Any CPU
	EndGlobalSection
	GlobalSection(ProjectConfigurationPlatforms) = postSolution
		{2FDFD4BD-616B-4E20-900C-35BD631B3968}.Debug|Any CPU.ActiveCfg = Debug|Any CPU
		{2FDFD4BD-616B-4E20-900C-35BD631B3968}.Debug|Any CPU.Build.0 = Debug|Any CPU
		{2FDFD4BD-616B-4E20-900C-35BD631B3968}.Release|Any CPU.ActiveCfg = Release|Any CPU
		{2FDFD4BD-616B-4E20-900C-35BD631B3968}.Release|Any CPU.Build.0 = Release|Any CPU
		{C922B5B7-03F2-4CDE-8DF4-4284A3EABEAD}.Debug|Any CPU.ActiveCfg = Debug|Any CPU
		{C922B5B7-03F2-4CDE-8DF4-4284A3EABEAD}.Debug|Any CPU.Build.0 = Debug|Any CPU
		{C922B5B7-03F2-4CDE-8DF4-4284A3EABEAD}.Release|Any CPU.ActiveCfg = Release|Any CPU
		{C922B5B7-03F2-4CDE-8DF4-4284A3EABEAD}.Release|Any CPU.Build.0 = Release|Any CPU
	EndGlobalSection
	GlobalSection(SolutionProperties) = preSolution
		HideSolutionNode = FALSE
	EndGlobalSection
	GlobalSection(ExtensibilityGlobals) = postSolution
		SolutionGuid = {786D2693-9D0C-44ED-8421-1327B89724CC}
	EndGlobalSection
EndGlobal
